Microsoft Visual Studio Solution File, Format Version 12.00
# Visual Studio 2012
Project("{FAE04EC0-301F-11D3-BF4B-00C04F79EFBC}") = "PathingDemo", "PathingDemo.csproj", "{738FE51F-CA44-4C3F-8C2E-F6D5D3D0E9C8}"
EndProject
Global
	GlobalSection(SolutionConfigurationPlatforms) = preSolution
	Debug|Any CPU = Debug|Any CPU
	ExportDebug|Any CPU = ExportDebug|Any CPU
	ExportRelease|Any CPU = ExportRelease|Any CPU
	EndGlobalSection
	GlobalSection(ProjectConfigurationPlatforms) = postSolution
		{738FE51F-CA44-4C3F-8C2E-F6D5D3D0E9C8}.Debug|Any CPU.ActiveCfg = Debug|Any CPU
		{738FE51F-CA44-4C3F-8C2E-F6D5D3D0E9C8}.Debug|Any CPU.Build.0 = Debug|Any CPU
		{738FE51F-CA44-4C3F-8C2E-F6D5D3D0E9C8}.ExportDebug|Any CPU.ActiveCfg = ExportDebug|Any CPU
		{738FE51F-CA44-4C3F-8C2E-F6D5D3D0E9C8}.ExportDebug|Any CPU.Build.0 = ExportDebug|Any CPU
		{738FE51F-CA44-4C3F-8C2E-F6D5D3D0E9C8}.ExportRelease|Any CPU.ActiveCfg = ExportRelease|Any CPU
		{738FE51F-CA44-4C3F-8C2E-F6D5D3D0E9C8}.ExportRelease|Any CPU.Build.0 = ExportRelease|Any CPU
	EndGlobalSection
EndGlobal
